
Microsoft Visual Studio Solution File, Format Version 12.00
Project("{FAE04EC0-301F-11D3-BF4B-00C04F79EFBC}") = "DesignPatterns", "DesignPatterns\DesignPatterns.csproj", "{BF0D58D9-3B42-4E6C-A3C5-8C564708C125}"
EndProject
Global
	GlobalSection(SolutionConfigurationPlatforms) = preSolution
		Debug|Any CPU = Debug|Any CPU
		Release|Any CPU = Release|Any CPU
	EndGlobalSection
	GlobalSection(ProjectConfigurationPlatforms) = postSolution
		{BF0D58D9-3B42-4E6C-A3C5-8C564708C125}.Debug|Any CPU.ActiveCfg = Debug|Any CPU
		{BF0D58D9-3B42-4E6C-A3C5-8C564708C125}.Debug|Any CPU.Build.0 = Debug|Any CPU
		{BF0D58D9-3B42-4E6C-A3C5-8C564708C125}.Release|Any CPU.ActiveCfg = Release|Any CPU
		{BF0D58D9-3B42-4E6C-A3C5-8C564708C125}.Release|Any CPU.Build.0 = Release|Any CPU
	EndGlobalSection
EndGlobal
